
Microsoft Visual Studio Solution File, Format Version 12.00
# Visual Studio Version 17
VisualStudioVersion = 17.0.31903.59
MinimumVisualStudioVersion = 10.0.40219.1
Project("{2150E333-8FDC-42A3-9474-1A3956D46DE8}") = "src", "src", "{F6708EE4-1F84-44D4-A541-6E7C725F3802}"
EndProject
Project("{FAE04EC0-301F-11D3-BF4B-00C04F79EFBC}") = "Soda.Show.WebApi", "src\Soda.Show.WebApi\Soda.Show.WebApi.csproj", "{0BBF4A54-0D0F-40A0-8EDB-0FB8D1864FCA}"
EndProject
Project("{FAE04EC0-301F-11D3-BF4B-00C04F79EFBC}") = "Soda.Show.Shared", "src\Soda.Show.Shared\Soda.Show.Shared.csproj", "{7B9BD529-4C5C-4AEA-8B4F-DAB87F434EC5}"
EndProject
Project("{FAE04EC0-301F-11D3-BF4B-00C04F79EFBC}") = "Soda.Show.Common", "src\Soda.Show.Common\Soda.Show.Common.csproj", "{FF46C252-8BED-4E9B-A5C5-7E134540103D}"
EndProject
Project("{FAE04EC0-301F-11D3-BF4B-00C04F79EFBC}") = "Soda.Show.Client", "src\Soda.Show.Client\Soda.Show.Client.csproj", "{F8D33628-D2E8-4923-A73B-F927E0B30861}"
EndProject
Global
	GlobalSection(SolutionConfigurationPlatforms) = preSolution
		Debug|Any CPU = Debug|Any CPU
		Release|Any CPU = Release|Any CPU
	EndGlobalSection
	GlobalSection(SolutionProperties) = preSolution
		HideSolutionNode = FALSE
	EndGlobalSection
	GlobalSection(ProjectConfigurationPlatforms) = postSolution
		{0BBF4A54-0D0F-40A0-8EDB-0FB8D1864FCA}.Debug|Any CPU.ActiveCfg = Debug|Any CPU
		{0BBF4A54-0D0F-40A0-8EDB-0FB8D1864FCA}.Debug|Any CPU.Build.0 = Debug|Any CPU
		{0BBF4A54-0D0F-40A0-8EDB-0FB8D1864FCA}.Release|Any CPU.ActiveCfg = Release|Any CPU
		{0BBF4A54-0D0F-40A0-8EDB-0FB8D1864FCA}.Release|Any CPU.Build.0 = Release|Any CPU
		{7B9BD529-4C5C-4AEA-8B4F-DAB87F434EC5}.Debug|Any CPU.ActiveCfg = Debug|Any CPU
		{7B9BD529-4C5C-4AEA-8B4F-DAB87F434EC5}.Debug|Any CPU.Build.0 = Debug|Any CPU
		{7B9BD529-4C5C-4AEA-8B4F-DAB87F434EC5}.Release|Any CPU.ActiveCfg = Release|Any CPU
		{7B9BD529-4C5C-4AEA-8B4F-DAB87F434EC5}.Release|Any CPU.Build.0 = Release|Any CPU
		{FF46C252-8BED-4E9B-A5C5-7E134540103D}.Debug|Any CPU.ActiveCfg = Debug|Any CPU
		{FF46C252-8BED-4E9B-A5C5-7E134540103D}.Debug|Any CPU.Build.0 = Debug|Any CPU
		{FF46C252-8BED-4E9B-A5C5-7E134540103D}.Release|Any CPU.ActiveCfg = Release|Any CPU
		{FF46C252-8BED-4E9B-A5C5-7E134540103D}.Release|Any CPU.Build.0 = Release|Any CPU
		{F8D33628-D2E8-4923-A73B-F927E0B30861}.Debug|Any CPU.ActiveCfg = Debug|Any CPU
		{F8D33628-D2E8-4923-A73B-F927E0B30861}.Debug|Any CPU.Build.0 = Debug|Any CPU
		{F8D33628-D2E8-4923-A73B-F927E0B30861}.Release|Any CPU.ActiveCfg = Release|Any CPU
		{F8D33628-D2E8-4923-A73B-F927E0B30861}.Release|Any CPU.Build.0 = Release|Any CPU
	EndGlobalSection
	GlobalSection(NestedProjects) = preSolution
		{0BBF4A54-0D0F-40A0-8EDB-0FB8D1864FCA} = {F6708EE4-1F84-44D4-A541-6E7C725F3802}
		{7B9BD529-4C5C-4AEA-8B4F-DAB87F434EC5} = {F6708EE4-1F84-44D4-A541-6E7C725F3802}
		{FF46C252-8BED-4E9B-A5C5-7E134540103D} = {F6708EE4-1F84-44D4-A541-6E7C725F3802}
		{F8D33628-D2E8-4923-A73B-F927E0B30861} = {F6708EE4-1F84-44D4-A541-6E7C725F3802}
	EndGlobalSection
EndGlobal
